
Microsoft Visual Studio Solution File, Format Version 12.00
# Visual Studio Version 17
VisualStudioVersion = 17.6.33829.357
MinimumVisualStudioVersion = 10.0.40219.1
Project("{FAE04EC0-301F-11D3-BF4B-00C04F79EFBC}") = "Csharp_bai5", "Csharp_bai5.csproj", "{96DE50B2-ADC4-4074-AE89-160F2CCBBABB}"
EndProject
Global
	GlobalSection(SolutionConfigurationPlatforms) = preSolution
		Debug|Any CPU = Debug|Any CPU
		Release|Any CPU = Release|Any CPU
	EndGlobalSection
	GlobalSection(ProjectConfigurationPlatforms) = postSolution
		{96DE50B2-ADC4-4074-AE89-160F2CCBBABB}.Debug|Any CPU.ActiveCfg = Debug|Any CPU
		{96DE50B2-ADC4-4074-AE89-160F2CCBBABB}.Debug|Any CPU.Build.0 = Debug|Any CPU
		{96DE50B2-ADC4-4074-AE89-160F2CCBBABB}.Release|Any CPU.ActiveCfg = Release|Any CPU
		{96DE50B2-ADC4-4074-AE89-160F2CCBBABB}.Release|Any CPU.Build.0 = Release|Any CPU
	EndGlobalSection
	GlobalSection(SolutionProperties) = preSolution
		HideSolutionNode = FALSE
	EndGlobalSection
	GlobalSection(ExtensibilityGlobals) = postSolution
		SolutionGuid = {58D34A64-BAEC-4786-A0E4-97FA8ECCC362}
	EndGlobalSection
EndGlobal
